
Microsoft Visual Studio Solution File, Format Version 12.00
# Visual Studio 15
VisualStudioVersion = 15.0.26124.0
MinimumVisualStudioVersion = 15.0.26124.0
Project("{FAE04EC0-301F-11D3-BF4B-00C04F79EFBC}") = "API", "API\API.csproj", "{897DA4E0-2375-4968-90CC-86199077A884}"
EndProject
Project("{FAE04EC0-301F-11D3-BF4B-00C04F79EFBC}") = "Domain", "Domain\Domain.csproj", "{D7498F9F-A9F0-40DE-869D-1A0DEC695E02}"
EndProject
Project("{FAE04EC0-301F-11D3-BF4B-00C04F79EFBC}") = "Application", "Application\Application.csproj", "{8259267F-AD18-4776-B434-B27229B861CF}"
EndProject
Project("{FAE04EC0-301F-11D3-BF4B-00C04F79EFBC}") = "Persistence", "Persistence\Persistence.csproj", "{F4986655-199F-4A2A-8960-086BC81CC6D4}"
EndProject
Global
	GlobalSection(SolutionConfigurationPlatforms) = preSolution
		Debug|Any CPU = Debug|Any CPU
		Debug|x64 = Debug|x64
		Debug|x86 = Debug|x86
		Release|Any CPU = Release|Any CPU
		Release|x64 = Release|x64
		Release|x86 = Release|x86
	EndGlobalSection
	GlobalSection(SolutionProperties) = preSolution
		HideSolutionNode = FALSE
	EndGlobalSection
	GlobalSection(ProjectConfigurationPlatforms) = postSolution
		{897DA4E0-2375-4968-90CC-86199077A884}.Debug|Any CPU.ActiveCfg = Debug|Any CPU
		{897DA4E0-2375-4968-90CC-86199077A884}.Debug|Any CPU.Build.0 = Debug|Any CPU
		{897DA4E0-2375-4968-90CC-86199077A884}.Debug|x64.ActiveCfg = Debug|Any CPU
		{897DA4E0-2375-4968-90CC-86199077A884}.Debug|x64.Build.0 = Debug|Any CPU
		{897DA4E0-2375-4968-90CC-86199077A884}.Debug|x86.ActiveCfg = Debug|Any CPU
		{897DA4E0-2375-4968-90CC-86199077A884}.Debug|x86.Build.0 = Debug|Any CPU
		{897DA4E0-2375-4968-90CC-86199077A884}.Release|Any CPU.ActiveCfg = Release|Any CPU
		{897DA4E0-2375-4968-90CC-86199077A884}.Release|Any CPU.Build.0 = Release|Any CPU
		{897DA4E0-2375-4968-90CC-86199077A884}.Release|x64.ActiveCfg = Release|Any CPU
		{897DA4E0-2375-4968-90CC-86199077A884}.Release|x64.Build.0 = Release|Any CPU
		{897DA4E0-2375-4968-90CC-86199077A884}.Release|x86.ActiveCfg = Release|Any CPU
		{897DA4E0-2375-4968-90CC-86199077A884}.Release|x86.Build.0 = Release|Any CPU
		{D7498F9F-A9F0-40DE-869D-1A0DEC695E02}.Debug|Any CPU.ActiveCfg = Debug|Any CPU
		{D7498F9F-A9F0-40DE-869D-1A0DEC695E02}.Debug|Any CPU.Build.0 = Debug|Any CPU
		{D7498F9F-A9F0-40DE-869D-1A0DEC695E02}.Debug|x64.ActiveCfg = Debug|Any CPU
		{D7498F9F-A9F0-40DE-869D-1A0DEC695E02}.Debug|x64.Build.0 = Debug|Any CPU
		{D7498F9F-A9F0-40DE-869D-1A0DEC695E02}.Debug|x86.ActiveCfg = Debug|Any CPU
		{D7498F9F-A9F0-40DE-869D-1A0DEC695E02}.Debug|x86.Build.0 = Debug|Any CPU
		{D7498F9F-A9F0-40DE-869D-1A0DEC695E02}.Release|Any CPU.ActiveCfg = Release|Any CPU
		{D7498F9F-A9F0-40DE-869D-1A0DEC695E02}.Release|Any CPU.Build.0 = Release|Any CPU
		{D7498F9F-A9F0-40DE-869D-1A0DEC695E02}.Release|x64.ActiveCfg = Release|Any CPU
		{D7498F9F-A9F0-40DE-869D-1A0DEC695E02}.Release|x64.Build.0 = Release|Any CPU
		{D7498F9F-A9F0-40DE-869D-1A0DEC695E02}.Release|x86.ActiveCfg = Release|Any CPU
		{D7498F9F-A9F0-40DE-869D-1A0DEC695E02}.Release|x86.Build.0 = Release|Any CPU
		{8259267F-AD18-4776-B434-B27229B861CF}.Debug|Any CPU.ActiveCfg = Debug|Any CPU
		{8259267F-AD18-4776-B434-B27229B861CF}.Debug|Any CPU.Build.0 = Debug|Any CPU
		{8259267F-AD18-4776-B434-B27229B861CF}.Debug|x64.ActiveCfg = Debug|Any CPU
		{8259267F-AD18-4776-B434-B27229B861CF}.Debug|x64.Build.0 = Debug|Any CPU
		{8259267F-AD18-4776-B434-B27229B861CF}.Debug|x86.ActiveCfg = Debug|Any CPU
		{8259267F-AD18-4776-B434-B27229B861CF}.Debug|x86.Build.0 = Debug|Any CPU
		{8259267F-AD18-4776-B434-B27229B861CF}.Release|Any CPU.ActiveCfg = Release|Any CPU
		{8259267F-AD18-4776-B434-B27229B861CF}.Release|Any CPU.Build.0 = Release|Any CPU
		{8259267F-AD18-4776-B434-B27229B861CF}.Release|x64.ActiveCfg = Release|Any CPU
		{8259267F-AD18-4776-B434-B27229B861CF}.Release|x64.Build.0 = Release|Any CPU
		{8259267F-AD18-4776-B434-B27229B861CF}.Release|x86.ActiveCfg = Release|Any CPU
		{8259267F-AD18-4776-B434-B27229B861CF}.Release|x86.Build.0 = Release|Any CPU
		{F4986655-199F-4A2A-8960-086BC81CC6D4}.Debug|Any CPU.ActiveCfg = Debug|Any CPU
		{F4986655-199F-4A2A-8960-086BC81CC6D4}.Debug|Any CPU.Build.0 = Debug|Any CPU
		{F4986655-199F-4A2A-8960-086BC81CC6D4}.Debug|x64.ActiveCfg = Debug|Any CPU
		{F4986655-199F-4A2A-8960-086BC81CC6D4}.Debug|x64.Build.0 = Debug|Any CPU
		{F4986655-199F-4A2A-8960-086BC81CC6D4}.Debug|x86.ActiveCfg = Debug|Any CPU
		{F4986655-199F-4A2A-8960-086BC81CC6D4}.Debug|x86.Build.0 = Debug|Any CPU
		{F4986655-199F-4A2A-8960-086BC81CC6D4}.Release|Any CPU.ActiveCfg = Release|Any CPU
		{F4986655-199F-4A2A-8960-086BC81CC6D4}.Release|Any CPU.Build.0 = Release|Any CPU
		{F4986655-199F-4A2A-8960-086BC81CC6D4}.Release|x64.ActiveCfg = Release|Any CPU
		{F4986655-199F-4A2A-8960-086BC81CC6D4}.Release|x64.Build.0 = Release|Any CPU
		{F4986655-199F-4A2A-8960-086BC81CC6D4}.Release|x86.ActiveCfg = Release|Any CPU
		{F4986655-199F-4A2A-8960-086BC81CC6D4}.Release|x86.Build.0 = Release|Any CPU
	EndGlobalSection
EndGlobal
